
Microsoft Visual Studio Solution File, Format Version 12.00
# Visual Studio Version 17
VisualStudioVersion = 17.10.35013.160
MinimumVisualStudioVersion = 10.0.40219.1
Project("{9A19103F-16F7-4668-BE54-9A1E7A4F7556}") = "KampIntro", "KampIntro\KampIntro.csproj", "{514CA8B0-4432-444F-9031-A2BB8004CC29}"
EndProject
Project("{9A19103F-16F7-4668-BE54-9A1E7A4F7556}") = "Donguler", "Donguler\Donguler.csproj", "{B1BE1CEC-E16D-420E-B8CA-129AD2CD0CF7}"
EndProject
Project("{9A19103F-16F7-4668-BE54-9A1E7A4F7556}") = "ClassIntro", "ClassIntro\ClassIntro.csproj", "{619331EF-32DE-4221-BE06-6C2611F55FEC}"
EndProject
Project("{9A19103F-16F7-4668-BE54-9A1E7A4F7556}") = "Metotlar", "Metotlar\Metotlar.csproj", "{5ADA14FC-FEAA-4987-A4B6-65467735410B}"
EndProject
Project("{9A19103F-16F7-4668-BE54-9A1E7A4F7556}") = "Matematik", "Matematik\Matematik.csproj", "{C4EB2010-B55E-4A0C-AFC8-91F849A047FA}"
EndProject
Project("{9A19103F-16F7-4668-BE54-9A1E7A4F7556}") = "DegerVeReferansTipler", "DegerVeReferansTipler\DegerVeReferansTipler.csproj", "{CD14F296-1003-46FD-A10C-98AB4D539E10}"
EndProject
Project("{9A19103F-16F7-4668-BE54-9A1E7A4F7556}") = "OOP1", "OOP1\OOP1.csproj", "{82650021-7B04-49FA-A84F-199A966B9040}"
EndProject
Project("{9A19103F-16F7-4668-BE54-9A1E7A4F7556}") = "Koleksiyonlar", "Koleksiyonlar\Koleksiyonlar.csproj", "{DD6BFA84-76C9-4B6B-A8F4-D8F079EA86C7}"
EndProject
Project("{FAE04EC0-301F-11D3-BF4B-00C04F79EFBC}") = "GenericsIntro", "GenericsIntro\GenericsIntro.csproj", "{62EDA072-39D9-48F1-95E8-49DF719FE357}"
EndProject
Global
	GlobalSection(SolutionConfigurationPlatforms) = preSolution
		Debug|Any CPU = Debug|Any CPU
		Release|Any CPU = Release|Any CPU
	EndGlobalSection
	GlobalSection(ProjectConfigurationPlatforms) = postSolution
		{514CA8B0-4432-444F-9031-A2BB8004CC29}.Debug|Any CPU.ActiveCfg = Debug|Any CPU
		{514CA8B0-4432-444F-9031-A2BB8004CC29}.Debug|Any CPU.Build.0 = Debug|Any CPU
		{514CA8B0-4432-444F-9031-A2BB8004CC29}.Release|Any CPU.ActiveCfg = Release|Any CPU
		{514CA8B0-4432-444F-9031-A2BB8004CC29}.Release|Any CPU.Build.0 = Release|Any CPU
		{B1BE1CEC-E16D-420E-B8CA-129AD2CD0CF7}.Debug|Any CPU.ActiveCfg = Debug|Any CPU
		{B1BE1CEC-E16D-420E-B8CA-129AD2CD0CF7}.Debug|Any CPU.Build.0 = Debug|Any CPU
		{B1BE1CEC-E16D-420E-B8CA-129AD2CD0CF7}.Release|Any CPU.ActiveCfg = Release|Any CPU
		{B1BE1CEC-E16D-420E-B8CA-129AD2CD0CF7}.Release|Any CPU.Build.0 = Release|Any CPU
		{619331EF-32DE-4221-BE06-6C2611F55FEC}.Debug|Any CPU.ActiveCfg = Debug|Any CPU
		{619331EF-32DE-4221-BE06-6C2611F55FEC}.Debug|Any CPU.Build.0 = Debug|Any CPU
		{619331EF-32DE-4221-BE06-6C2611F55FEC}.Release|Any CPU.ActiveCfg = Release|Any CPU
		{619331EF-32DE-4221-BE06-6C2611F55FEC}.Release|Any CPU.Build.0 = Release|Any CPU
		{5ADA14FC-FEAA-4987-A4B6-65467735410B}.Debug|Any CPU.ActiveCfg = Debug|Any CPU
		{5ADA14FC-FEAA-4987-A4B6-65467735410B}.Debug|Any CPU.Build.0 = Debug|Any CPU
		{5ADA14FC-FEAA-4987-A4B6-65467735410B}.Release|Any CPU.ActiveCfg = Release|Any CPU
		{5ADA14FC-FEAA-4987-A4B6-65467735410B}.Release|Any CPU.Build.0 = Release|Any CPU
		{C4EB2010-B55E-4A0C-AFC8-91F849A047FA}.Debug|Any CPU.ActiveCfg = Debug|Any CPU
		{C4EB2010-B55E-4A0C-AFC8-91F849A047FA}.Debug|Any CPU.Build.0 = Debug|Any CPU
		{C4EB2010-B55E-4A0C-AFC8-91F849A047FA}.Release|Any CPU.ActiveCfg = Release|Any CPU
		{C4EB2010-B55E-4A0C-AFC8-91F849A047FA}.Release|Any CPU.Build.0 = Release|Any CPU
		{CD14F296-1003-46FD-A10C-98AB4D539E10}.Debug|Any CPU.ActiveCfg = Debug|Any CPU
		{CD14F296-1003-46FD-A10C-98AB4D539E10}.Debug|Any CPU.Build.0 = Debug|Any CPU
		{CD14F296-1003-46FD-A10C-98AB4D539E10}.Release|Any CPU.ActiveCfg = Release|Any CPU
		{CD14F296-1003-46FD-A10C-98AB4D539E10}.Release|Any CPU.Build.0 = Release|Any CPU
		{82650021-7B04-49FA-A84F-199A966B9040}.Debug|Any CPU.ActiveCfg = Debug|Any CPU
		{82650021-7B04-49FA-A84F-199A966B9040}.Debug|Any CPU.Build.0 = Debug|Any CPU
		{82650021-7B04-49FA-A84F-199A966B9040}.Release|Any CPU.ActiveCfg = Release|Any CPU
		{82650021-7B04-49FA-A84F-199A966B9040}.Release|Any CPU.Build.0 = Release|Any CPU
		{DD6BFA84-76C9-4B6B-A8F4-D8F079EA86C7}.Debug|Any CPU.ActiveCfg = Debug|Any CPU
		{DD6BFA84-76C9-4B6B-A8F4-D8F079EA86C7}.Debug|Any CPU.Build.0 = Debug|Any CPU
		{DD6BFA84-76C9-4B6B-A8F4-D8F079EA86C7}.Release|Any CPU.ActiveCfg = Release|Any CPU
		{DD6BFA84-76C9-4B6B-A8F4-D8F079EA86C7}.Release|Any CPU.Build.0 = Release|Any CPU
		{62EDA072-39D9-48F1-95E8-49DF719FE357}.Debug|Any CPU.ActiveCfg = Debug|Any CPU
		{62EDA072-39D9-48F1-95E8-49DF719FE357}.Debug|Any CPU.Build.0 = Debug|Any CPU
		{62EDA072-39D9-48F1-95E8-49DF719FE357}.Release|Any CPU.ActiveCfg = Release|Any CPU
		{62EDA072-39D9-48F1-95E8-49DF719FE357}.Release|Any CPU.Build.0 = Release|Any CPU
	EndGlobalSection
	GlobalSection(SolutionProperties) = preSolution
		HideSolutionNode = FALSE
	EndGlobalSection
	GlobalSection(ExtensibilityGlobals) = postSolution
		SolutionGuid = {CC462562-DAE3-4294-9BF9-B94C001A6028}
	EndGlobalSection
EndGlobal
